
Microsoft Visual Studio Solution File, Format Version 12.00
# Visual Studio Version 16
VisualStudioVersion = 16.0.35731.53
MinimumVisualStudioVersion = 10.0.40219.1
Project("{FAE04EC0-301F-11D3-BF4B-00C04F79EFBC}") = "HOSPITALDATA", "HOSPITALDATA\HOSPITALDATA.csproj", "{D6F3CFA6-D95C-4AFE-A03D-545269D7C4A8}"
EndProject
Global
	GlobalSection(SolutionConfigurationPlatforms) = preSolution
		Debug|Any CPU = Debug|Any CPU
		Release|Any CPU = Release|Any CPU
	EndGlobalSection
	GlobalSection(ProjectConfigurationPlatforms) = postSolution
		{D6F3CFA6-D95C-4AFE-A03D-545269D7C4A8}.Debug|Any CPU.ActiveCfg = Debug|Any CPU
		{D6F3CFA6-D95C-4AFE-A03D-545269D7C4A8}.Debug|Any CPU.Build.0 = Debug|Any CPU
		{D6F3CFA6-D95C-4AFE-A03D-545269D7C4A8}.Release|Any CPU.ActiveCfg = Release|Any CPU
		{D6F3CFA6-D95C-4AFE-A03D-545269D7C4A8}.Release|Any CPU.Build.0 = Release|Any CPU
	EndGlobalSection
	GlobalSection(SolutionProperties) = preSolution
		HideSolutionNode = FALSE
	EndGlobalSection
	GlobalSection(ExtensibilityGlobals) = postSolution
		SolutionGuid = {23CF9EFD-AE0C-427F-8678-FF3E2EAE24CE}
	EndGlobalSection
EndGlobal
